
Microsoft Visual Studio Solution File, Format Version 12.00
# Visual Studio 15
VisualStudioVersion = 15.0.27004.2010
MinimumVisualStudioVersion = 10.0.40219.1
Project("{FAE04EC0-301F-11D3-BF4B-00C04F79EFBC}") = "03_Sobrecarga", "03_Sobrecarga\03_Sobrecarga.csproj", "{5D09261E-3BCA-4746-9D28-E4A0114432E6}"
EndProject
Project("{FAE04EC0-301F-11D3-BF4B-00C04F79EFBC}") = "04_polimorfismo", "04_polimorfismo\04_polimorfismo.csproj", "{A6BF8BB5-7853-45AB-9CE3-71B113565900}"
EndProject
Global
	GlobalSection(SolutionConfigurationPlatforms) = preSolution
		Debug|Any CPU = Debug|Any CPU
		Release|Any CPU = Release|Any CPU
	EndGlobalSection
	GlobalSection(ProjectConfigurationPlatforms) = postSolution
		{5D09261E-3BCA-4746-9D28-E4A0114432E6}.Debug|Any CPU.ActiveCfg = Debug|Any CPU
		{5D09261E-3BCA-4746-9D28-E4A0114432E6}.Debug|Any CPU.Build.0 = Debug|Any CPU
		{5D09261E-3BCA-4746-9D28-E4A0114432E6}.Release|Any CPU.ActiveCfg = Release|Any CPU
		{5D09261E-3BCA-4746-9D28-E4A0114432E6}.Release|Any CPU.Build.0 = Release|Any CPU
		{A6BF8BB5-7853-45AB-9CE3-71B113565900}.Debug|Any CPU.ActiveCfg = Debug|Any CPU
		{A6BF8BB5-7853-45AB-9CE3-71B113565900}.Debug|Any CPU.Build.0 = Debug|Any CPU
		{A6BF8BB5-7853-45AB-9CE3-71B113565900}.Release|Any CPU.ActiveCfg = Release|Any CPU
		{A6BF8BB5-7853-45AB-9CE3-71B113565900}.Release|Any CPU.Build.0 = Release|Any CPU
	EndGlobalSection
	GlobalSection(SolutionProperties) = preSolution
		HideSolutionNode = FALSE
	EndGlobalSection
	GlobalSection(ExtensibilityGlobals) = postSolution
		SolutionGuid = {171578D9-0213-4D34-82CC-DC4571FFDC1F}
	EndGlobalSection
EndGlobal
