
Microsoft Visual Studio Solution File, Format Version 12.00
# Visual Studio 15
VisualStudioVersion = 15.0.27004.2010
MinimumVisualStudioVersion = 10.0.40219.1
Project("{FAE04EC0-301F-11D3-BF4B-00C04F79EFBC}") = "02_VariavelShortintLong", "02_VariavelShortintLong\02_VariavelShortintLong.csproj", "{508C855C-2C71-44FD-B1C5-F007C771F540}"
EndProject
Project("{FAE04EC0-301F-11D3-BF4B-00C04F79EFBC}") = "09_ConversaoNumero", "09_ConversaoNumero\09_ConversaoNumero.csproj", "{DBB3475F-425F-48E4-9DD8-E732C1D91B02}"
EndProject
Project("{FAE04EC0-301F-11D3-BF4B-00C04F79EFBC}") = "01_Exercicios", "01_Exercicios\01_Exercicios.csproj", "{F9689F91-7C21-437F-945C-C0F0F0E71831}"
EndProject
Project("{FAE04EC0-301F-11D3-BF4B-00C04F79EFBC}") = "01_classe", "sexao3\01_classe\01_classe.csproj", "{9556209D-ED0D-443B-B02D-65104E08EBD0}"
EndProject
Global
	GlobalSection(SolutionConfigurationPlatforms) = preSolution
		Debug|Any CPU = Debug|Any CPU
		Release|Any CPU = Release|Any CPU
	EndGlobalSection
	GlobalSection(ProjectConfigurationPlatforms) = postSolution
		{508C855C-2C71-44FD-B1C5-F007C771F540}.Debug|Any CPU.ActiveCfg = Debug|Any CPU
		{508C855C-2C71-44FD-B1C5-F007C771F540}.Debug|Any CPU.Build.0 = Debug|Any CPU
		{508C855C-2C71-44FD-B1C5-F007C771F540}.Release|Any CPU.ActiveCfg = Release|Any CPU
		{508C855C-2C71-44FD-B1C5-F007C771F540}.Release|Any CPU.Build.0 = Release|Any CPU
		{DBB3475F-425F-48E4-9DD8-E732C1D91B02}.Debug|Any CPU.ActiveCfg = Debug|Any CPU
		{DBB3475F-425F-48E4-9DD8-E732C1D91B02}.Debug|Any CPU.Build.0 = Debug|Any CPU
		{DBB3475F-425F-48E4-9DD8-E732C1D91B02}.Release|Any CPU.ActiveCfg = Release|Any CPU
		{DBB3475F-425F-48E4-9DD8-E732C1D91B02}.Release|Any CPU.Build.0 = Release|Any CPU
		{F9689F91-7C21-437F-945C-C0F0F0E71831}.Debug|Any CPU.ActiveCfg = Debug|Any CPU
		{F9689F91-7C21-437F-945C-C0F0F0E71831}.Debug|Any CPU.Build.0 = Debug|Any CPU
		{F9689F91-7C21-437F-945C-C0F0F0E71831}.Release|Any CPU.ActiveCfg = Release|Any CPU
		{F9689F91-7C21-437F-945C-C0F0F0E71831}.Release|Any CPU.Build.0 = Release|Any CPU
		{9556209D-ED0D-443B-B02D-65104E08EBD0}.Debug|Any CPU.ActiveCfg = Debug|Any CPU
		{9556209D-ED0D-443B-B02D-65104E08EBD0}.Debug|Any CPU.Build.0 = Debug|Any CPU
		{9556209D-ED0D-443B-B02D-65104E08EBD0}.Release|Any CPU.ActiveCfg = Release|Any CPU
		{9556209D-ED0D-443B-B02D-65104E08EBD0}.Release|Any CPU.Build.0 = Release|Any CPU
	EndGlobalSection
	GlobalSection(SolutionProperties) = preSolution
		HideSolutionNode = FALSE
	EndGlobalSection
	GlobalSection(ExtensibilityGlobals) = postSolution
		SolutionGuid = {798630A8-DB24-4D8C-928A-17C87FE4C7A0}
	EndGlobalSection
EndGlobal
