
Microsoft Visual Studio Solution File, Format Version 12.00
# Visual Studio 15
VisualStudioVersion = 15.0.27004.2010
MinimumVisualStudioVersion = 10.0.40219.1
Project("{FAE04EC0-301F-11D3-BF4B-00C04F79EFBC}") = "01_EC_IF", "01_EC_IF\01_EC_IF.csproj", "{18361A17-39B9-4BE0-8DA7-738A82274B83}"
EndProject
Project("{FAE04EC0-301F-11D3-BF4B-00C04F79EFBC}") = "02_EC-Switch", "02_EC-Switch\02_EC-Switch.csproj", "{A9D292E0-21AB-45F0-995E-5FCA1C85092F}"
EndProject
Project("{FAE04EC0-301F-11D3-BF4B-00C04F79EFBC}") = "03_EC_While", "03_EC_While\03_EC_While.csproj", "{8C956CF1-95E0-4319-8001-6E339B62A6BF}"
EndProject
Project("{FAE04EC0-301F-11D3-BF4B-00C04F79EFBC}") = "04_ER_DoWhile", "04_ER_DoWhile\04_ER_DoWhile.csproj", "{B3646627-FE7D-475F-8432-5D7B11DEBE97}"
EndProject
Project("{FAE04EC0-301F-11D3-BF4B-00C04F79EFBC}") = "05_ER_For", "05_ER_For\05_ER_For.csproj", "{812B9E20-1281-4D93-B417-DDB54DFA63F3}"
EndProject
Project("{FAE04EC0-301F-11D3-BF4B-00C04F79EFBC}") = "06_ER_ForEach", "06_ER_ForEach\06_ER_ForEach.csproj", "{48FAE70F-64E4-4286-A359-FF6A9E06A7F8}"
EndProject
Project("{FAE04EC0-301F-11D3-BF4B-00C04F79EFBC}") = "01_Array", "01_Array\01_Array.csproj", "{AD37278E-D438-4510-AB5B-78E79F4B67D2}"
EndProject
Project("{FAE04EC0-301F-11D3-BF4B-00C04F79EFBC}") = "02_Array", "02_Array\02_Array.csproj", "{C155B664-3151-4F07-AD4C-601B9D1ACED8}"
EndProject
Project("{FAE04EC0-301F-11D3-BF4B-00C04F79EFBC}") = "03_lista", "03_lista\03_lista.csproj", "{DC85E543-E8F2-481B-A70E-8840CF59CC8E}"
EndProject
Project("{FAE04EC0-301F-11D3-BF4B-00C04F79EFBC}") = "04_Dicionario", "04_Dicionario\04_Dicionario.csproj", "{774F14D4-3184-46EA-AA46-42A80FF69DFA}"
EndProject
Project("{FAE04EC0-301F-11D3-BF4B-00C04F79EFBC}") = "01_Exception", "01_Exception\01_Exception.csproj", "{B61114B1-4EBC-45DB-BD62-BE31078FF5B8}"
EndProject
Global
	GlobalSection(SolutionConfigurationPlatforms) = preSolution
		Debug|Any CPU = Debug|Any CPU
		Release|Any CPU = Release|Any CPU
	EndGlobalSection
	GlobalSection(ProjectConfigurationPlatforms) = postSolution
		{18361A17-39B9-4BE0-8DA7-738A82274B83}.Debug|Any CPU.ActiveCfg = Debug|Any CPU
		{18361A17-39B9-4BE0-8DA7-738A82274B83}.Debug|Any CPU.Build.0 = Debug|Any CPU
		{18361A17-39B9-4BE0-8DA7-738A82274B83}.Release|Any CPU.ActiveCfg = Release|Any CPU
		{18361A17-39B9-4BE0-8DA7-738A82274B83}.Release|Any CPU.Build.0 = Release|Any CPU
		{A9D292E0-21AB-45F0-995E-5FCA1C85092F}.Debug|Any CPU.ActiveCfg = Debug|Any CPU
		{A9D292E0-21AB-45F0-995E-5FCA1C85092F}.Debug|Any CPU.Build.0 = Debug|Any CPU
		{A9D292E0-21AB-45F0-995E-5FCA1C85092F}.Release|Any CPU.ActiveCfg = Release|Any CPU
		{A9D292E0-21AB-45F0-995E-5FCA1C85092F}.Release|Any CPU.Build.0 = Release|Any CPU
		{8C956CF1-95E0-4319-8001-6E339B62A6BF}.Debug|Any CPU.ActiveCfg = Debug|Any CPU
		{8C956CF1-95E0-4319-8001-6E339B62A6BF}.Debug|Any CPU.Build.0 = Debug|Any CPU
		{8C956CF1-95E0-4319-8001-6E339B62A6BF}.Release|Any CPU.ActiveCfg = Release|Any CPU
		{8C956CF1-95E0-4319-8001-6E339B62A6BF}.Release|Any CPU.Build.0 = Release|Any CPU
		{B3646627-FE7D-475F-8432-5D7B11DEBE97}.Debug|Any CPU.ActiveCfg = Debug|Any CPU
		{B3646627-FE7D-475F-8432-5D7B11DEBE97}.Debug|Any CPU.Build.0 = Debug|Any CPU
		{B3646627-FE7D-475F-8432-5D7B11DEBE97}.Release|Any CPU.ActiveCfg = Release|Any CPU
		{B3646627-FE7D-475F-8432-5D7B11DEBE97}.Release|Any CPU.Build.0 = Release|Any CPU
		{812B9E20-1281-4D93-B417-DDB54DFA63F3}.Debug|Any CPU.ActiveCfg = Debug|Any CPU
		{812B9E20-1281-4D93-B417-DDB54DFA63F3}.Debug|Any CPU.Build.0 = Debug|Any CPU
		{812B9E20-1281-4D93-B417-DDB54DFA63F3}.Release|Any CPU.ActiveCfg = Release|Any CPU
		{812B9E20-1281-4D93-B417-DDB54DFA63F3}.Release|Any CPU.Build.0 = Release|Any CPU
		{48FAE70F-64E4-4286-A359-FF6A9E06A7F8}.Debug|Any CPU.ActiveCfg = Debug|Any CPU
		{48FAE70F-64E4-4286-A359-FF6A9E06A7F8}.Debug|Any CPU.Build.0 = Debug|Any CPU
		{48FAE70F-64E4-4286-A359-FF6A9E06A7F8}.Release|Any CPU.ActiveCfg = Release|Any CPU
		{48FAE70F-64E4-4286-A359-FF6A9E06A7F8}.Release|Any CPU.Build.0 = Release|Any CPU
		{AD37278E-D438-4510-AB5B-78E79F4B67D2}.Debug|Any CPU.ActiveCfg = Debug|Any CPU
		{AD37278E-D438-4510-AB5B-78E79F4B67D2}.Debug|Any CPU.Build.0 = Debug|Any CPU
		{AD37278E-D438-4510-AB5B-78E79F4B67D2}.Release|Any CPU.ActiveCfg = Release|Any CPU
		{AD37278E-D438-4510-AB5B-78E79F4B67D2}.Release|Any CPU.Build.0 = Release|Any CPU
		{C155B664-3151-4F07-AD4C-601B9D1ACED8}.Debug|Any CPU.ActiveCfg = Debug|Any CPU
		{C155B664-3151-4F07-AD4C-601B9D1ACED8}.Debug|Any CPU.Build.0 = Debug|Any CPU
		{C155B664-3151-4F07-AD4C-601B9D1ACED8}.Release|Any CPU.ActiveCfg = Release|Any CPU
		{C155B664-3151-4F07-AD4C-601B9D1ACED8}.Release|Any CPU.Build.0 = Release|Any CPU
		{DC85E543-E8F2-481B-A70E-8840CF59CC8E}.Debug|Any CPU.ActiveCfg = Debug|Any CPU
		{DC85E543-E8F2-481B-A70E-8840CF59CC8E}.Debug|Any CPU.Build.0 = Debug|Any CPU
		{DC85E543-E8F2-481B-A70E-8840CF59CC8E}.Release|Any CPU.ActiveCfg = Release|Any CPU
		{DC85E543-E8F2-481B-A70E-8840CF59CC8E}.Release|Any CPU.Build.0 = Release|Any CPU
		{774F14D4-3184-46EA-AA46-42A80FF69DFA}.Debug|Any CPU.ActiveCfg = Debug|Any CPU
		{774F14D4-3184-46EA-AA46-42A80FF69DFA}.Debug|Any CPU.Build.0 = Debug|Any CPU
		{774F14D4-3184-46EA-AA46-42A80FF69DFA}.Release|Any CPU.ActiveCfg = Release|Any CPU
		{774F14D4-3184-46EA-AA46-42A80FF69DFA}.Release|Any CPU.Build.0 = Release|Any CPU
		{B61114B1-4EBC-45DB-BD62-BE31078FF5B8}.Debug|Any CPU.ActiveCfg = Debug|Any CPU
		{B61114B1-4EBC-45DB-BD62-BE31078FF5B8}.Debug|Any CPU.Build.0 = Debug|Any CPU
		{B61114B1-4EBC-45DB-BD62-BE31078FF5B8}.Release|Any CPU.ActiveCfg = Release|Any CPU
		{B61114B1-4EBC-45DB-BD62-BE31078FF5B8}.Release|Any CPU.Build.0 = Release|Any CPU
	EndGlobalSection
	GlobalSection(SolutionProperties) = preSolution
		HideSolutionNode = FALSE
	EndGlobalSection
	GlobalSection(ExtensibilityGlobals) = postSolution
		SolutionGuid = {8C803818-A9E6-4D14-9C28-55783DF406AE}
	EndGlobalSection
EndGlobal
